// !$*UTF8*$!
{
	archiveVersion = 1;
	classes = {
	};
	objectVersion = 46;
	objects = {

/* Begin PBXBuildFile section */
		F5DA988A1E98673200C887C1 /* AppDelegate.swift in Sources */ = {isa = PBXBuildFile; fileRef = F5DA98891E98673200C887C1 /* AppDelegate.swift */; };
		F5DA988C1E98673200C887C1 /* ViewController.swift in Sources */ = {isa = PBXBuildFile; fileRef = F5DA988B1E98673200C887C1 /* ViewController.swift */; };
		F5DA988F1E98673200C887C1 /* Main.storyboard in Resources */ = {isa = PBXBuildFile; fileRef = F5DA988D1E98673200C887C1 /* Main.storyboard */; };
		F5DA98911E98673200C887C1 /* Assets.xcassets in Resources */ = {isa = PBXBuildFile; fileRef = F5DA98901E98673200C887C1 /* Assets.xcassets */; };
		F5DA98941E98673200C887C1 /* LaunchScreen.storyboard in Resources */ = {isa = PBXBuildFile; fileRef = F5DA98921E98673200C887C1 /* LaunchScreen.storyboard */; };
		F5DA989C1E98677600C887C1 /* WebService.swift in Sources */ = {isa = PBXBuildFile; fileRef = F5DA989B1E98677600C887C1 /* WebService.swift */; };
/* End PBXBuildFile section */

/* Begin PBXFileReference section */
		F5DA98861E98673200C887C1 /* Bergeron Mobile Webservice.app */ = {isa = PBXFileReference; explicitFileType = wrapper.application; includeInIndex = 0; path = "Bergeron Mobile Webservice.app"; sourceTree = BUILT_PRODUCTS_DIR; };
		F5DA98891E98673200C887C1 /* AppDelegate.swift */ = {isa = PBXFileReference; lastKnownFileType = sourcecode.swift; path = AppDelegate.swift; sourceTree = "<group>"; };
		F5DA988B1E98673200C887C1 /* ViewController.swift */ = {isa = PBXFileReference; lastKnownFileType = sourcecode.swift; path = ViewController.swift; sourceTree = "<group>"; };
		F5DA988E1E98673200C887C1 /* Base */ = {isa = PBXFileReference; lastKnownFileType = file.storyboard; name = Base; path = Base.lproj/Main.storyboard; sourceTree = "<group>"; };
		F5DA98901E98673200C887C1 /* Assets.xcassets */ = {isa = PBXFileReference; lastKnownFileType = folder.assetcatalog; path = Assets.xcassets; sourceTree = "<group>"; };
		F5DA98931E98673200C887C1 /* Base */ = {isa = PBXFileReference; lastKnownFileType = file.storyboard; name = Base; path = Base.lproj/LaunchScreen.storyboard; sourceTree = "<group>"; };
		F5DA98951E98673200C887C1 /* Info.plist */ = {isa = PBXFileReference; lastKnownFileType = text.plist.xml; path = Info.plist; sourceTree = "<group>"; };
		F5DA989B1E98677600C887C1 /* WebService.swift */ = {isa = PBXFileReference; fileEncoding = 4; lastKnownFileType = sourcecode.swift; path = WebService.swift; sourceTree = "<group>"; };
/* End PBXFileReference section */

/* Begin PBXFrameworksBuildPhase section */
		F5DA98831E98673200C887C1 /* Frameworks */ = {
			isa = PBXFrameworksBuildPhase;
			buildActionMask = 2147483647;
			files = (
			);
			runOnlyForDeploymentPostprocessing = 0;
		};
/* End PBXFrameworksBuildPhase section */

/* Begin PBXGroup section */
		F5DA987D1E98673200C887C1 = {
			isa = PBXGroup;
			children = (
				F5DA989B1E98677600C887C1 /* WebService.swift */,
				F5DA98881E98673200C887C1 /* Bergeron Mobile Webservice */,
				F5DA98871E98673200C887C1 /* Products */,
			);
			sourceTree = "<group>";
		};
		F5DA98871E98673200C887C1 /* Products */ = {
			isa = PBXGroup;
			children = (
				F5DA98861E98673200C887C1 /* Bergeron Mobile Webservice.app */,
			);
			name = Products;
			sourceTree = "<group>";
		};
		F5DA98881E98673200C887C1 /* Bergeron Mobile Webservice */ = {
			isa = PBXGroup;
			children = (
				F5DA98891E98673200C887C1 /* AppDelegate.swift */,
				F5DA988B1E98673200C887C1 /* ViewController.swift */,
				F5DA988D1E98673200C887C1 /* Main.storyboard */,
				F5DA98901E98673200C887C1 /* Assets.xcassets */,
				F5DA98921E98673200C887C1 /* LaunchScreen.storyboard */,
				F5DA98951E98673200C887C1 /* Info.plist */,
			);
			path = "Bergeron Mobile Webservice";
			sourceTree = "<group>";
		};
/* End PBXGroup section */

/* Begin PBXNativeTarget section */
		F5DA98851E98673200C887C1 /* Bergeron Mobile Webservice */ = {
			isa = PBXNativeTarget;
			buildConfigurationList = F5DA98981E98673200C887C1 /* Build configuration list for PBXNativeTarget "Bergeron Mobile Webservice" */;
			buildPhases = (
				F5DA98821E98673200C887C1 /* Sources */,
				F5DA98831E98673200C887C1 /* Frameworks */,
				F5DA98841E98673200C887C1 /* Resources */,
			);
			buildRules = (
			);
			dependencies = (
			);
			name = "Bergeron Mobile Webservice";
			productName = "Bergeron Mobile Webservice";
			productReference = F5DA98861E98673200C887C1 /* Bergeron Mobile Webservice.app */;
			productType = "com.apple.product-type.application";
		};
/* End PBXNativeTarget section */

/* Begin PBXProject section */
		F5DA987E1E98673200C887C1 /* Project object */ = {
			isa = PBXProject;
			attributes = {
				LastSwiftUpdateCheck = 0830;
				LastUpgradeCheck = 0830;
				ORGANIZATIONNAME = "waleed azhar";
				TargetAttributes = {
					F5DA98851E98673200C887C1 = {
						CreatedOnToolsVersion = 8.3;
						DevelopmentTeam = XDH2NZC23D;
						ProvisioningStyle = Automatic;
					};
				};
			};
			buildConfigurationList = F5DA98811E98673200C887C1 /* Build configuration list for PBXProject "Bergeron Mobile Webservice" */;
			compatibilityVersion = "Xcode 3.2";
			developmentRegion = English;
			hasScannedForEncodings = 0;
			knownRegions = (
				en,
				Base,
			);
			mainGroup = F5DA987D1E98673200C887C1;
			productRefGroup = F5DA98871E98673200C887C1 /* Products */;
			projectDirPath = "";
			projectRoot = "";
			targets = (
				F5DA98851E98673200C887C1 /* Bergeron Mobile Webservice */,
			);
		};
/* End PBXProject section */

/* Begin PBXResourcesBuildPhase section */
		F5DA98841E98673200C887C1 /* Resources */ = {
			isa = PBXResourcesBuildPhase;
			buildActionMask = 2147483647;
			files = (
				F5DA98941E98673200C887C1 /* LaunchScreen.storyboard in Resources */,
				F5DA98911E98673200C887C1 /* Assets.xcassets in Resources */,
				F5DA988F1E98673200C887C1 /* Main.storyboard in Resources */,
			);
			runOnlyForDeploymentPostprocessing = 0;
		};
/* End PBXResourcesBuildPhase section */

/* Begin PBXSourcesBuildPhase section */
		F5DA98821E98673200C887C1 /* Sources */ = {
			isa = PBXSourcesBuildPhase;
			buildActionMask = 2147483647;
			files = (
				F5DA989C1E98677600C887C1 /* WebService.swift in Sources */,
				F5DA988C1E98673200C887C1 /* ViewController.swift in Sources */,
				F5DA988A1E98673200C887C1 /* AppDelegate.swift in Sources */,
			);
			runOnlyForDeploymentPostprocessing = 0;
		};
/* End PBXSourcesBuildPhase section */

/* Begin PBXVariantGroup section */
		F5DA988D1E98673200C887C1 /* Main.storyboard */ = {
			isa = PBXVariantGroup;
			children = (
				F5DA988E1E98673200C887C1 /* Base */,
			);
			name = Main.storyboard;
			sourceTree = "<group>";
		};
		F5DA98921E98673200C887C1 /* LaunchScreen.storyboard */ = {
			isa = PBXVariantGroup;
			children = (
				F5DA98931E98673200C887C1 /* Base */,
			);
			name = LaunchScreen.storyboard;
			sourceTree = "<group>";
		};
/* End PBXVariantGroup section */

/* Begin XCBuildConfiguration section */
		F5DA98961E98673200C887C1 /* Debug */ = {
			isa = XCBuildConfiguration;
			buildSettings = {
				ALWAYS_SEARCH_USER_PATHS = NO;
				CLANG_ANALYZER_NONNULL = YES;
				CLANG_ANALYZER_NUMBER_OBJECT_CONVERSION = YES_AGGRESSIVE;
				CLANG_CXX_LANGUAGE_STANDARD = "gnu++0x";
				CLANG_CXX_LIBRARY = "libc++";
				CLANG_ENABLE_MODULES = YES;
				CLANG_ENABLE_OBJC_ARC = YES;
				CLANG_WARN_BOOL_CONVERSION = YES;
				CLANG_WARN_CONSTANT_CONVERSION = YES;
				CLANG_WARN_DIRECT_OBJC_ISA_USAGE = YES_ERROR;
				CLANG_WARN_DOCUMENTATION_COMMENTS = YES;
				CLANG_WARN_EMPTY_BODY = YES;
				CLANG_WARN_ENUM_CONVERSION = YES;
				CLANG_WARN_INFINITE_RECURSION = YES;
				CLANG_WARN_INT_CONVERSION = YES;
				CLANG_WARN_OBJC_ROOT_CLASS = YES_ERROR;
				CLANG_WARN_SUSPICIOUS_MOVE = YES;
				CLANG_WARN_UNREACHABLE_CODE = YES;
				CLANG_WARN__DUPLICATE_METHOD_MATCH = YES;
				"CODE_SIGN_IDENTITY[sdk=iphoneos*]" = "iPhone Developer";
				COPY_PHASE_STRIP = NO;
				DEBUG_INFORMATION_FORMAT = dwarf;
				ENABLE_STRICT_OBJC_MSGSEND = YES;
				ENABLE_TESTABILITY = YES;
				GCC_C_LANGUAGE_STANDARD = gnu99;
				GCC_DYNAMIC_NO_PIC = NO;
				GCC_NO_COMMON_BLOCKS = YES;
				GCC_OPTIMIZATION_LEVEL = 0;
				GCC_PREPROCESSOR_DEFINITIONS = (
					"DEBUG=1",
					"$(inherited)",
				);
				GCC_WARN_64_TO_32_BIT_CONVERSION = YES;
				GCC_WARN_ABOUT_RETURN_TYPE = YES_ERROR;
				GCC_WARN_UNDECLARED_SELECTOR = YES;
				GCC_WARN_UNINITIALIZED_AUTOS = YES_AGGRESSIVE;
				GCC_WARN_UNUSED_FUNCTION = YES;
				GCC_WARN_UNUSED_VARIABLE = YES;
				IPHONEOS_DEPLOYMENT_TARGET = 10.3;
				MTL_ENABLE_DEBUG_INFO = YES;
				ONLY_ACTIVE_ARCH = YES;
				SDKROOT = iphoneos;
				SWIFT_ACTIVE_COMPILATION_CONDITIONS = DEBUG;
				SWIFT_OPTIMIZATION_LEVEL = "-Onone";
			};
			name = Debug;
		};
		F5DA98971E98673200C887C1 /* Release */ = {
			isa = XCBuildConfiguration;
			buildSettings = {
				ALWAYS_SEARCH_USER_PATHS = NO;
				CLANG_ANALYZER_NONNULL = YES;
				CLANG_ANALYZER_NUMBER_OBJECT_CONVERSION = YES_AGGRESSIVE;
				CLANG_CXX_LANGUAGE_STANDARD = "gnu++0x";
				CLANG_CXX_LIBRARY = "libc++";
				CLANG_ENABLE_MODULES = YES;
				CLANG_ENABLE_OBJC_ARC = YES;
				CLANG_WARN_BOOL_CONVERSION = YES;
				CLANG_WARN_CONSTANT_CONVERSION = YES;
				CLANG_WARN_DIRECT_OBJC_ISA_USAGE = YES_ERROR;
				CLANG_WARN_DOCUMENTATION_COMMENTS = YES;
				CLANG_WARN_EMPTY_BODY = YES;
				CLANG_WARN_ENUM_CONVERSION = YES;
				CLANG_WARN_INFINITE_RECURSION = YES;
				CLANG_WARN_INT_CONVERSION = YES;
				CLANG_WARN_OBJC_ROOT_CLASS = YES_ERROR;
				CLANG_WARN_SUSPICIOUS_MOVE = YES;
				CLANG_WARN_UNREACHABLE_CODE = YES;
				CLANG_WARN__DUPLICATE_METHOD_MATCH = YES;
				"CODE_SIGN_IDENTITY[sdk=iphoneos*]" = "iPhone Developer";
				COPY_PHASE_STRIP = NO;
				DEBUG_INFORMATION_FORMAT = "dwarf-with-dsym";
				ENABLE_NS_ASSERTIONS = NO;
				ENABLE_STRICT_OBJC_MSGSEND = YES;
				GCC_C_LANGUAGE_STANDARD = gnu99;
				GCC_NO_COMMON_BLOCKS = YES;
				GCC_WARN_64_TO_32_BIT_CONVERSION = YES;
				GCC_WARN_ABOUT_RETURN_TYPE = YES_ERROR;
				GCC_WARN_UNDECLARED_SELECTOR = YES;
				GCC_WARN_UNINITIALIZED_AUTOS = YES_AGGRESSIVE;
				GCC_WARN_UNUSED_FUNCTION = YES;
				GCC_WARN_UNUSED_VARIABLE = YES;
				IPHONEOS_DEPLOYMENT_TARGET = 10.3;
				MTL_ENABLE_DEBUG_INFO = NO;
				SDKROOT = iphoneos;
				SWIFT_OPTIMIZATION_LEVEL = "-Owholemodule";
				VALIDATE_PRODUCT = YES;
			};
			name = Release;
		};
		F5DA98991E98673200C887C1 /* Debug */ = {
			isa = XCBuildConfiguration;
			buildSettings = {
				ASSETCATALOG_COMPILER_APPICON_NAME = AppIcon;
				DEVELOPMENT_TEAM = XDH2NZC23D;
				INFOPLIST_FILE = "Bergeron Mobile Webservice/Info.plist";
				LD_RUNPATH_SEARCH_PATHS = "$(inherited) @executable_path/Frameworks";
				PRODUCT_BUNDLE_IDENTIFIER = "com.BergeronMobile.Bergeron-Mobile-Webservice";
				PRODUCT_NAME = "$(TARGET_NAME)";
				SWIFT_VERSION = 3.0;
			};
			name = Debug;
		};
		F5DA989A1E98673200C887C1 /* Release */ = {
			isa = XCBuildConfiguration;
			buildSettings = {
				ASSETCATALOG_COMPILER_APPICON_NAME = AppIcon;
				DEVELOPMENT_TEAM = XDH2NZC23D;
				INFOPLIST_FILE = "Bergeron Mobile Webservice/Info.plist";
				LD_RUNPATH_SEARCH_PATHS = "$(inherited) @executable_path/Frameworks";
				PRODUCT_BUNDLE_IDENTIFIER = "com.BergeronMobile.Bergeron-Mobile-Webservice";
				PRODUCT_NAME = "$(TARGET_NAME)";
				SWIFT_VERSION = 3.0;
			};
			name = Release;
		};
/* End XCBuildConfiguration section */

/* Begin XCConfigurationList section */
		F5DA98811E98673200C887C1 /* Build configuration list for PBXProject "Bergeron Mobile Webservice" */ = {
			isa = XCConfigurationList;
			buildConfigurations = (
				F5DA98961E98673200C887C1 /* Debug */,
				F5DA98971E98673200C887C1 /* Release */,
			);
			defaultConfigurationIsVisible = 0;
			defaultConfigurationName = Release;
		};
		F5DA98981E98673200C887C1 /* Build configuration list for PBXNativeTarget "Bergeron Mobile Webservice" */ = {
			isa = XCConfigurationList;
			buildConfigurations = (
				F5DA98991E98673200C887C1 /* Debug */,
				F5DA989A1E98673200C887C1 /* Release */,
			);
			defaultConfigurationIsVisible = 0;
		};
/* End XCConfigurationList section */
	};
	rootObject = F5DA987E1E98673200C887C1 /* Project object */;
}
